schema: '2.0'
stages:
  data_ingestion:
    cmd: python -m src.data.data_ingestion
    deps:
    - path: src/data/data_ingestion.py
      hash: md5
      md5: b9e9f002a39b1b2c42f6bf9b603414df
      size: 3409
    outs:
    - path: data/raw
      hash: md5
      md5: 5f64837b47e2e35c6b79f9f2373bf6ab.dir
      size: 656008
      nfiles: 2
  data_preprocessing:
    cmd: python -m src.data.data_preprocessing
    deps:
    - path: data/raw
      hash: md5
      md5: 5f64837b47e2e35c6b79f9f2373bf6ab.dir
      size: 656008
      nfiles: 2
    - path: src/data/data_preprocessing.py
      hash: md5
      md5: a0d0986f1695b3e851d0f37dad4451b8
      size: 2909
    outs:
    - path: data/interim
      hash: md5
      md5: 01fb75ab29d0d899563df3d56ae47c33.dir
      size: 405766
      nfiles: 2
  feature_engineering:
    cmd: python -m src.features.feature_engineering
    deps:
    - path: data/interim
      hash: md5
      md5: 01fb75ab29d0d899563df3d56ae47c33.dir
      size: 405766
      nfiles: 2
    - path: src/features/feature_engineering.py
      hash: md5
      md5: becb1ca06f27577ad6632e061bd3e290
      size: 3446
    outs:
    - path: data/processed
      hash: md5
      md5: fa4a4d72c8228cec27da99bde02e540b.dir
      size: 51889
      nfiles: 2
    - path: models/vectorizer.pkl
      hash: md5
      md5: 63d4bae4000be99d10cd6476a7437077
      size: 1856
  model_building:
    cmd: python -m src.model.model_building
    deps:
    - path: data/processed
      hash: md5
      md5: fa4a4d72c8228cec27da99bde02e540b.dir
      size: 51889
      nfiles: 2
    - path: src/model/model_building.py
      hash: md5
      md5: 5262c77711462ba3ee484a3828aa413f
      size: 1859
    outs:
    - path: models/model.pkl
      hash: md5
      md5: 1626a30fe36fe9527a0278e939ef22e5
      size: 1115
  model_evaluation:
    cmd: python -m src.model.model_evaluation
    deps:
    - path: models/model.pkl
      hash: md5
      md5: 1626a30fe36fe9527a0278e939ef22e5
      size: 1115
    - path: src/model/model_evaluation.py
      hash: md5
      md5: bb812d2146b190d312e8593596533e7b
      size: 5698
    outs:
    - path: reports/experiment_info.json
      hash: md5
      md5: 7c89cdef75145295a151922946776372
      size: 82
    - path: reports/metrics.json
      hash: md5
      md5: 05ee9f48f2779812d3d4aeb339db6efe
      size: 120
  model_registration:
    cmd: python -m src.model.register_model
    deps:
    - path: reports/experiment_info.json
      hash: md5
      md5: 7c89cdef75145295a151922946776372
      size: 82
    - path: src/model/register_model.py
      hash: md5
      md5: 06993d37714e6fa16d67e855e8dcf33b
      size: 2353
